// !$*UTF8*$!
{
	archiveVersion = 1;
	classes = {
	};
	objectVersion = 56;
	objects = {

/* Begin PBXBuildFile section */
		D14EE3242A825A6F002BF7FE /* LogInView.swift in Sources */ = {isa = PBXBuildFile; fileRef = D14EE3232A825A6E002BF7FE /* LogInView.swift */; };
		D1563AF52A7FCD47004CAB64 /* StartView.swift in Sources */ = {isa = PBXBuildFile; fileRef = D1563AF42A7FCD47004CAB64 /* StartView.swift */; };
		D1676E7A2A7F9964005B47CC /* AppDelegate.swift in Sources */ = {isa = PBXBuildFile; fileRef = D1676E792A7F9964005B47CC /* AppDelegate.swift */; };
		D1676E7E2A7F9964005B47CC /* StartViewController.swift in Sources */ = {isa = PBXBuildFile; fileRef = D1676E7D2A7F9964005B47CC /* StartViewController.swift */; };
		D1676E832A7F996B005B47CC /* Assets.xcassets in Resources */ = {isa = PBXBuildFile; fileRef = D1676E822A7F996B005B47CC /* Assets.xcassets */; };
		D1676E862A7F996B005B47CC /* LaunchScreen.storyboard in Resources */ = {isa = PBXBuildFile; fileRef = D1676E842A7F996B005B47CC /* LaunchScreen.storyboard */; };
		D1B7CA312A8168BA009CC365 /* LogInViewController.swift in Sources */ = {isa = PBXBuildFile; fileRef = D1B7CA302A8168BA009CC365 /* LogInViewController.swift */; };
		D1B8E0D42A869FD500086ECE /* UIFont + Extension.swift in Sources */ = {isa = PBXBuildFile; fileRef = D1B8E0D32A869FD500086ECE /* UIFont + Extension.swift */; };
		D1B8E0D62A86A98600086ECE /* AppTextField.swift in Sources */ = {isa = PBXBuildFile; fileRef = D1B8E0D52A86A98600086ECE /* AppTextField.swift */; };
		D1B8E0D82A878FBB00086ECE /* RegisterView.swift in Sources */ = {isa = PBXBuildFile; fileRef = D1B8E0D72A878FBB00086ECE /* RegisterView.swift */; };
		D1B8E0DA2A878FD200086ECE /* RegisterViewController.swift in Sources */ = {isa = PBXBuildFile; fileRef = D1B8E0D92A878FD200086ECE /* RegisterViewController.swift */; };
		D1F8AC412A84F52E00B4F7B6 /* UIColor + Extension.swift in Sources */ = {isa = PBXBuildFile; fileRef = D1F8AC402A84F52E00B4F7B6 /* UIColor + Extension.swift */; };
		D1F8AC472A84F8D100B4F7B6 /* AppColor.swift in Sources */ = {isa = PBXBuildFile; fileRef = D1F8AC462A84F8D100B4F7B6 /* AppColor.swift */; };
		D1F8AC4A2A84FF8F00B4F7B6 /* BaseView.swift in Sources */ = {isa = PBXBuildFile; fileRef = D1F8AC492A84FF8F00B4F7B6 /* BaseView.swift */; };
		D1F8AC4C2A84FFB500B4F7B6 /* BaseViewController.swift in Sources */ = {isa = PBXBuildFile; fileRef = D1F8AC4B2A84FFB500B4F7B6 /* BaseViewController.swift */; };
/* End PBXBuildFile section */

/* Begin PBXFileReference section */
		D14EE3232A825A6E002BF7FE /* LogInView.swift */ = {isa = PBXFileReference; lastKnownFileType = sourcecode.swift; path = LogInView.swift; sourceTree = "<group>"; };
		D1563AF42A7FCD47004CAB64 /* StartView.swift */ = {isa = PBXFileReference; lastKnownFileType = sourcecode.swift; path = StartView.swift; sourceTree = "<group>"; };
		D1676E762A7F9964005B47CC /* training welcome app.app */ = {isa = PBXFileReference; explicitFileType = wrapper.application; includeInIndex = 0; path = "training welcome app.app"; sourceTree = BUILT_PRODUCTS_DIR; };
		D1676E792A7F9964005B47CC /* AppDelegate.swift */ = {isa = PBXFileReference; lastKnownFileType = sourcecode.swift; path = AppDelegate.swift; sourceTree = "<group>"; };
		D1676E7D2A7F9964005B47CC /* StartViewController.swift */ = {isa = PBXFileReference; lastKnownFileType = sourcecode.swift; path = StartViewController.swift; sourceTree = "<group>"; };
		D1676E822A7F996B005B47CC /* Assets.xcassets */ = {isa = PBXFileReference; lastKnownFileType = folder.assetcatalog; path = Assets.xcassets; sourceTree = "<group>"; };
		D1676E852A7F996B005B47CC /* Base */ = {isa = PBXFileReference; lastKnownFileType = file.storyboard; name = Base; path = Base.lproj/LaunchScreen.storyboard; sourceTree = "<group>"; };
		D1676E872A7F996B005B47CC /* Info.plist */ = {isa = PBXFileReference; lastKnownFileType = text.plist.xml; path = Info.plist; sourceTree = "<group>"; };
		D1B7CA302A8168BA009CC365 /* LogInViewController.swift */ = {isa = PBXFileReference; lastKnownFileType = sourcecode.swift; path = LogInViewController.swift; sourceTree = "<group>"; };
		D1B8E0D32A869FD500086ECE /* UIFont + Extension.swift */ = {isa = PBXFileReference; lastKnownFileType = sourcecode.swift; path = "UIFont + Extension.swift"; sourceTree = "<group>"; };
		D1B8E0D52A86A98600086ECE /* AppTextField.swift */ = {isa = PBXFileReference; lastKnownFileType = sourcecode.swift; path = AppTextField.swift; sourceTree = "<group>"; };
		D1B8E0D72A878FBB00086ECE /* RegisterView.swift */ = {isa = PBXFileReference; lastKnownFileType = sourcecode.swift; path = RegisterView.swift; sourceTree = "<group>"; };
		D1B8E0D92A878FD200086ECE /* RegisterViewController.swift */ = {isa = PBXFileReference; lastKnownFileType = sourcecode.swift; path = RegisterViewController.swift; sourceTree = "<group>"; };
		D1F8AC402A84F52E00B4F7B6 /* UIColor + Extension.swift */ = {isa = PBXFileReference; lastKnownFileType = sourcecode.swift; path = "UIColor + Extension.swift"; sourceTree = "<group>"; };
		D1F8AC462A84F8D100B4F7B6 /* AppColor.swift */ = {isa = PBXFileReference; lastKnownFileType = sourcecode.swift; path = AppColor.swift; sourceTree = "<group>"; };
		D1F8AC492A84FF8F00B4F7B6 /* BaseView.swift */ = {isa = PBXFileReference; lastKnownFileType = sourcecode.swift; path = BaseView.swift; sourceTree = "<group>"; };
		D1F8AC4B2A84FFB500B4F7B6 /* BaseViewController.swift */ = {isa = PBXFileReference; lastKnownFileType = sourcecode.swift; path = BaseViewController.swift; sourceTree = "<group>"; };
/* End PBXFileReference section */

/* Begin PBXFrameworksBuildPhase section */
		D1676E732A7F9964005B47CC /* Frameworks */ = {
			isa = PBXFrameworksBuildPhase;
			buildActionMask = 2147483647;
			files = (
			);
			runOnlyForDeploymentPostprocessing = 0;
		};
/* End PBXFrameworksBuildPhase section */

/* Begin PBXGroup section */
		D1676E6D2A7F9964005B47CC = {
			isa = PBXGroup;
			children = (
				D1676E782A7F9964005B47CC /* training welcome app */,
				D1676E772A7F9964005B47CC /* Products */,
			);
			sourceTree = "<group>";
		};
		D1676E772A7F9964005B47CC /* Products */ = {
			isa = PBXGroup;
			children = (
				D1676E762A7F9964005B47CC /* training welcome app.app */,
			);
			name = Products;
			sourceTree = "<group>";
		};
		D1676E782A7F9964005B47CC /* training welcome app */ = {
			isa = PBXGroup;
			children = (
				D1F8AC442A84F89F00B4F7B6 /* Base */,
				D1F8AC482A84FECB00B4F7B6 /* Start */,
				D1F8AC4D2A8505A400B4F7B6 /* LogIn */,
				D1B8E0DB2A878FD800086ECE /* Registration */,
				D1F8AC422A84F53400B4F7B6 /* Extension */,
				D1676E792A7F9964005B47CC /* AppDelegate.swift */,
				D1676E822A7F996B005B47CC /* Assets.xcassets */,
				D1676E842A7F996B005B47CC /* LaunchScreen.storyboard */,
				D1676E872A7F996B005B47CC /* Info.plist */,
			);
			path = "training welcome app";
			sourceTree = "<group>";
		};
		D1B8E0DB2A878FD800086ECE /* Registration */ = {
			isa = PBXGroup;
			children = (
				D1B8E0D72A878FBB00086ECE /* RegisterView.swift */,
				D1B8E0D92A878FD200086ECE /* RegisterViewController.swift */,
			);
			path = Registration;
			sourceTree = "<group>";
		};
		D1F8AC422A84F53400B4F7B6 /* Extension */ = {
			isa = PBXGroup;
			children = (
				D1F8AC432A84F83C00B4F7B6 /* UIKit */,
			);
			path = Extension;
			sourceTree = "<group>";
		};
		D1F8AC432A84F83C00B4F7B6 /* UIKit */ = {
			isa = PBXGroup;
			children = (
				D1F8AC402A84F52E00B4F7B6 /* UIColor + Extension.swift */,
				D1B8E0D32A869FD500086ECE /* UIFont + Extension.swift */,
			);
			path = UIKit;
			sourceTree = "<group>";
		};
		D1F8AC442A84F89F00B4F7B6 /* Base */ = {
			isa = PBXGroup;
			children = (
				D1F8AC452A84F8AE00B4F7B6 /* UI */,
			);
			path = Base;
			sourceTree = "<group>";
		};
		D1F8AC452A84F8AE00B4F7B6 /* UI */ = {
			isa = PBXGroup;
			children = (
				D1F8AC462A84F8D100B4F7B6 /* AppColor.swift */,
				D1F8AC4B2A84FFB500B4F7B6 /* BaseViewController.swift */,
				D1F8AC492A84FF8F00B4F7B6 /* BaseView.swift */,
				D1B8E0D52A86A98600086ECE /* AppTextField.swift */,
			);
			path = UI;
			sourceTree = "<group>";
		};
		D1F8AC482A84FECB00B4F7B6 /* Start */ = {
			isa = PBXGroup;
			children = (
				D1563AF42A7FCD47004CAB64 /* StartView.swift */,
				D1676E7D2A7F9964005B47CC /* StartViewController.swift */,
			);
			path = Start;
			sourceTree = "<group>";
		};
		D1F8AC4D2A8505A400B4F7B6 /* LogIn */ = {
			isa = PBXGroup;
			children = (
				D14EE3232A825A6E002BF7FE /* LogInView.swift */,
				D1B7CA302A8168BA009CC365 /* LogInViewController.swift */,
			);
			path = LogIn;
			sourceTree = "<group>";
		};
/* End PBXGroup section */

/* Begin PBXNativeTarget section */
		D1676E752A7F9964005B47CC /* training welcome app */ = {
			isa = PBXNativeTarget;
			buildConfigurationList = D1676E8A2A7F996B005B47CC /* Build configuration list for PBXNativeTarget "training welcome app" */;
			buildPhases = (
				D1676E722A7F9964005B47CC /* Sources */,
				D1676E732A7F9964005B47CC /* Frameworks */,
				D1676E742A7F9964005B47CC /* Resources */,
			);
			buildRules = (
			);
			dependencies = (
			);
			name = "training welcome app";
			productName = "training welcome app";
			productReference = D1676E762A7F9964005B47CC /* training welcome app.app */;
			productType = "com.apple.product-type.application";
		};
/* End PBXNativeTarget section */

/* Begin PBXProject section */
		D1676E6E2A7F9964005B47CC /* Project object */ = {
			isa = PBXProject;
			attributes = {
				BuildIndependentTargetsInParallel = 1;
				LastSwiftUpdateCheck = 1430;
				LastUpgradeCheck = 1430;
				TargetAttributes = {
					D1676E752A7F9964005B47CC = {
						CreatedOnToolsVersion = 14.3.1;
					};
				};
			};
			buildConfigurationList = D1676E712A7F9964005B47CC /* Build configuration list for PBXProject "training welcome app" */;
			compatibilityVersion = "Xcode 14.0";
			developmentRegion = en;
			hasScannedForEncodings = 0;
			knownRegions = (
				en,
				Base,
			);
			mainGroup = D1676E6D2A7F9964005B47CC;
			productRefGroup = D1676E772A7F9964005B47CC /* Products */;
			projectDirPath = "";
			projectRoot = "";
			targets = (
				D1676E752A7F9964005B47CC /* training welcome app */,
			);
		};
/* End PBXProject section */

/* Begin PBXResourcesBuildPhase section */
		D1676E742A7F9964005B47CC /* Resources */ = {
			isa = PBXResourcesBuildPhase;
			buildActionMask = 2147483647;
			files = (
				D1676E862A7F996B005B47CC /* LaunchScreen.storyboard in Resources */,
				D1676E832A7F996B005B47CC /* Assets.xcassets in Resources */,
			);
			runOnlyForDeploymentPostprocessing = 0;
		};
/* End PBXResourcesBuildPhase section */

/* Begin PBXSourcesBuildPhase section */
		D1676E722A7F9964005B47CC /* Sources */ = {
			isa = PBXSourcesBuildPhase;
			buildActionMask = 2147483647;
			files = (
				D1B8E0D62A86A98600086ECE /* AppTextField.swift in Sources */,
				D1B8E0D42A869FD500086ECE /* UIFont + Extension.swift in Sources */,
				D1B7CA312A8168BA009CC365 /* LogInViewController.swift in Sources */,
				D1563AF52A7FCD47004CAB64 /* StartView.swift in Sources */,
				D1676E7E2A7F9964005B47CC /* StartViewController.swift in Sources */,
				D1F8AC472A84F8D100B4F7B6 /* AppColor.swift in Sources */,
				D1F8AC412A84F52E00B4F7B6 /* UIColor + Extension.swift in Sources */,
				D1F8AC4C2A84FFB500B4F7B6 /* BaseViewController.swift in Sources */,
				D1676E7A2A7F9964005B47CC /* AppDelegate.swift in Sources */,
				D1B8E0D82A878FBB00086ECE /* RegisterView.swift in Sources */,
				D1B8E0DA2A878FD200086ECE /* RegisterViewController.swift in Sources */,
				D14EE3242A825A6F002BF7FE /* LogInView.swift in Sources */,
				D1F8AC4A2A84FF8F00B4F7B6 /* BaseView.swift in Sources */,
			);
			runOnlyForDeploymentPostprocessing = 0;
		};
/* End PBXSourcesBuildPhase section */

/* Begin PBXVariantGroup section */
		D1676E842A7F996B005B47CC /* LaunchScreen.storyboard */ = {
			isa = PBXVariantGroup;
			children = (
				D1676E852A7F996B005B47CC /* Base */,
			);
			name = LaunchScreen.storyboard;
			sourceTree = "<group>";
		};
/* End PBXVariantGroup section */

/* Begin XCBuildConfiguration section */
		D1676E882A7F996B005B47CC /* Debug */ = {
			isa = XCBuildConfiguration;
			buildSettings = {
				ALWAYS_SEARCH_USER_PATHS = NO;
				CLANG_ANALYZER_NONNULL = YES;
				CLANG_ANALYZER_NUMBER_OBJECT_CONVERSION = YES_AGGRESSIVE;
				CLANG_CXX_LANGUAGE_STANDARD = "gnu++20";
				CLANG_ENABLE_MODULES = YES;
				CLANG_ENABLE_OBJC_ARC = YES;
				CLANG_ENABLE_OBJC_WEAK = YES;
				CLANG_WARN_BLOCK_CAPTURE_AUTORELEASING = YES;
				CLANG_WARN_BOOL_CONVERSION = YES;
				CLANG_WARN_COMMA = YES;
				CLANG_WARN_CONSTANT_CONVERSION = YES;
				CLANG_WARN_DEPRECATED_OBJC_IMPLEMENTATIONS = YES;
				CLANG_WARN_DIRECT_OBJC_ISA_USAGE = YES_ERROR;
				CLANG_WARN_DOCUMENTATION_COMMENTS = YES;
				CLANG_WARN_EMPTY_BODY = YES;
				CLANG_WARN_ENUM_CONVERSION = YES;
				CLANG_WARN_INFINITE_RECURSION = YES;
				CLANG_WARN_INT_CONVERSION = YES;
				CLANG_WARN_NON_LITERAL_NULL_CONVERSION = YES;
				CLANG_WARN_OBJC_IMPLICIT_RETAIN_SELF = YES;
				CLANG_WARN_OBJC_LITERAL_CONVERSION = YES;
				CLANG_WARN_OBJC_ROOT_CLASS = YES_ERROR;
				CLANG_WARN_QUOTED_INCLUDE_IN_FRAMEWORK_HEADER = YES;
				CLANG_WARN_RANGE_LOOP_ANALYSIS = YES;
				CLANG_WARN_STRICT_PROTOTYPES = YES;
				CLANG_WARN_SUSPICIOUS_MOVE = YES;
				CLANG_WARN_UNGUARDED_AVAILABILITY = YES_AGGRESSIVE;
				CLANG_WARN_UNREACHABLE_CODE = YES;
				CLANG_WARN__DUPLICATE_METHOD_MATCH = YES;
				COPY_PHASE_STRIP = NO;
				DEBUG_INFORMATION_FORMAT = dwarf;
				ENABLE_STRICT_OBJC_MSGSEND = YES;
				ENABLE_TESTABILITY = YES;
				GCC_C_LANGUAGE_STANDARD = gnu11;
				GCC_DYNAMIC_NO_PIC = NO;
				GCC_NO_COMMON_BLOCKS = YES;
				GCC_OPTIMIZATION_LEVEL = 0;
				GCC_PREPROCESSOR_DEFINITIONS = (
					"DEBUG=1",
					"$(inherited)",
				);
				GCC_WARN_64_TO_32_BIT_CONVERSION = YES;
				GCC_WARN_ABOUT_RETURN_TYPE = YES_ERROR;
				GCC_WARN_UNDECLARED_SELECTOR = YES;
				GCC_WARN_UNINITIALIZED_AUTOS = YES_AGGRESSIVE;
				GCC_WARN_UNUSED_FUNCTION = YES;
				GCC_WARN_UNUSED_VARIABLE = YES;
				IPHONEOS_DEPLOYMENT_TARGET = 16.4;
				MTL_ENABLE_DEBUG_INFO = INCLUDE_SOURCE;
				MTL_FAST_MATH = YES;
				ONLY_ACTIVE_ARCH = YES;
				SDKROOT = iphoneos;
				SWIFT_ACTIVE_COMPILATION_CONDITIONS = DEBUG;
				SWIFT_OPTIMIZATION_LEVEL = "-Onone";
			};
			name = Debug;
		};
		D1676E892A7F996B005B47CC /* Release */ = {
			isa = XCBuildConfiguration;
			buildSettings = {
				ALWAYS_SEARCH_USER_PATHS = NO;
				CLANG_ANALYZER_NONNULL = YES;
				CLANG_ANALYZER_NUMBER_OBJECT_CONVERSION = YES_AGGRESSIVE;
				CLANG_CXX_LANGUAGE_STANDARD = "gnu++20";
				CLANG_ENABLE_MODULES = YES;
				CLANG_ENABLE_OBJC_ARC = YES;
				CLANG_ENABLE_OBJC_WEAK = YES;
				CLANG_WARN_BLOCK_CAPTURE_AUTORELEASING = YES;
				CLANG_WARN_BOOL_CONVERSION = YES;
				CLANG_WARN_COMMA = YES;
				CLANG_WARN_CONSTANT_CONVERSION = YES;
				CLANG_WARN_DEPRECATED_OBJC_IMPLEMENTATIONS = YES;
				CLANG_WARN_DIRECT_OBJC_ISA_USAGE = YES_ERROR;
				CLANG_WARN_DOCUMENTATION_COMMENTS = YES;
				CLANG_WARN_EMPTY_BODY = YES;
				CLANG_WARN_ENUM_CONVERSION = YES;
				CLANG_WARN_INFINITE_RECURSION = YES;
				CLANG_WARN_INT_CONVERSION = YES;
				CLANG_WARN_NON_LITERAL_NULL_CONVERSION = YES;
				CLANG_WARN_OBJC_IMPLICIT_RETAIN_SELF = YES;
				CLANG_WARN_OBJC_LITERAL_CONVERSION = YES;
				CLANG_WARN_OBJC_ROOT_CLASS = YES_ERROR;
				CLANG_WARN_QUOTED_INCLUDE_IN_FRAMEWORK_HEADER = YES;
				CLANG_WARN_RANGE_LOOP_ANALYSIS = YES;
				CLANG_WARN_STRICT_PROTOTYPES = YES;
				CLANG_WARN_SUSPICIOUS_MOVE = YES;
				CLANG_WARN_UNGUARDED_AVAILABILITY = YES_AGGRESSIVE;
				CLANG_WARN_UNREACHABLE_CODE = YES;
				CLANG_WARN__DUPLICATE_METHOD_MATCH = YES;
				COPY_PHASE_STRIP = NO;
				DEBUG_INFORMATION_FORMAT = "dwarf-with-dsym";
				ENABLE_NS_ASSERTIONS = NO;
				ENABLE_STRICT_OBJC_MSGSEND = YES;
				GCC_C_LANGUAGE_STANDARD = gnu11;
				GCC_NO_COMMON_BLOCKS = YES;
				GCC_WARN_64_TO_32_BIT_CONVERSION = YES;
				GCC_WARN_ABOUT_RETURN_TYPE = YES_ERROR;
				GCC_WARN_UNDECLARED_SELECTOR = YES;
				GCC_WARN_UNINITIALIZED_AUTOS = YES_AGGRESSIVE;
				GCC_WARN_UNUSED_FUNCTION = YES;
				GCC_WARN_UNUSED_VARIABLE = YES;
				IPHONEOS_DEPLOYMENT_TARGET = 16.4;
				MTL_ENABLE_DEBUG_INFO = NO;
				MTL_FAST_MATH = YES;
				SDKROOT = iphoneos;
				SWIFT_COMPILATION_MODE = wholemodule;
				SWIFT_OPTIMIZATION_LEVEL = "-O";
				VALIDATE_PRODUCT = YES;
			};
			name = Release;
		};
		D1676E8B2A7F996B005B47CC /* Debug */ = {
			isa = XCBuildConfiguration;
			buildSettings = {
				ASSETCATALOG_COMPILER_APPICON_NAME = AppIcon;
				ASSETCATALOG_COMPILER_GLOBAL_ACCENT_COLOR_NAME = AccentColor;
				CODE_SIGN_STYLE = Automatic;
				CURRENT_PROJECT_VERSION = 1;
				DEVELOPMENT_TEAM = 64R8G8Z837;
				GENERATE_INFOPLIST_FILE = YES;
				INFOPLIST_FILE = "training welcome app/Info.plist";
				INFOPLIST_KEY_UIApplicationSupportsIndirectInputEvents = YES;
				INFOPLIST_KEY_UILaunchStoryboardName = LaunchScreen;
				INFOPLIST_KEY_UISupportedInterfaceOrientations_iPad = "UIInterfaceOrientationPortrait UIInterfaceOrientationPortraitUpsideDown UIInterfaceOrientationLandscapeLeft UIInterfaceOrientationLandscapeRight";
				INFOPLIST_KEY_UISupportedInterfaceOrientations_iPhone = "UIInterfaceOrientationPortrait UIInterfaceOrientationLandscapeLeft UIInterfaceOrientationLandscapeRight";
				LD_RUNPATH_SEARCH_PATHS = (
					"$(inherited)",
					"@executable_path/Frameworks",
				);
				MARKETING_VERSION = 1.0;
				PRODUCT_BUNDLE_IDENTIFIER = "RSusanna.training-welcome-app";
				PRODUCT_NAME = "$(TARGET_NAME)";
				SWIFT_EMIT_LOC_STRINGS = YES;
				SWIFT_VERSION = 5.0;
				TARGETED_DEVICE_FAMILY = "1,2";
			};
			name = Debug;
		};
		D1676E8C2A7F996B005B47CC /* Release */ = {
			isa = XCBuildConfiguration;
			buildSettings = {
				ASSETCATALOG_COMPILER_APPICON_NAME = AppIcon;
				ASSETCATALOG_COMPILER_GLOBAL_ACCENT_COLOR_NAME = AccentColor;
				CODE_SIGN_STYLE = Automatic;
				CURRENT_PROJECT_VERSION = 1;
				DEVELOPMENT_TEAM = 64R8G8Z837;
				GENERATE_INFOPLIST_FILE = YES;
				INFOPLIST_FILE = "training welcome app/Info.plist";
				INFOPLIST_KEY_UIApplicationSupportsIndirectInputEvents = YES;
				INFOPLIST_KEY_UILaunchStoryboardName = LaunchScreen;
				INFOPLIST_KEY_UISupportedInterfaceOrientations_iPad = "UIInterfaceOrientationPortrait UIInterfaceOrientationPortraitUpsideDown UIInterfaceOrientationLandscapeLeft UIInterfaceOrientationLandscapeRight";
				INFOPLIST_KEY_UISupportedInterfaceOrientations_iPhone = "UIInterfaceOrientationPortrait UIInterfaceOrientationLandscapeLeft UIInterfaceOrientationLandscapeRight";
				LD_RUNPATH_SEARCH_PATHS = (
					"$(inherited)",
					"@executable_path/Frameworks",
				);
				MARKETING_VERSION = 1.0;
				PRODUCT_BUNDLE_IDENTIFIER = "RSusanna.training-welcome-app";
				PRODUCT_NAME = "$(TARGET_NAME)";
				SWIFT_EMIT_LOC_STRINGS = YES;
				SWIFT_VERSION = 5.0;
				TARGETED_DEVICE_FAMILY = "1,2";
			};
			name = Release;
		};
/* End XCBuildConfiguration section */

/* Begin XCConfigurationList section */
		D1676E712A7F9964005B47CC /* Build configuration list for PBXProject "training welcome app" */ = {
			isa = XCConfigurationList;
			buildConfigurations = (
				D1676E882A7F996B005B47CC /* Debug */,
				D1676E892A7F996B005B47CC /* Release */,
			);
			defaultConfigurationIsVisible = 0;
			defaultConfigurationName = Release;
		};
		D1676E8A2A7F996B005B47CC /* Build configuration list for PBXNativeTarget "training welcome app" */ = {
			isa = XCConfigurationList;
			buildConfigurations = (
				D1676E8B2A7F996B005B47CC /* Debug */,
				D1676E8C2A7F996B005B47CC /* Release */,
			);
			defaultConfigurationIsVisible = 0;
			defaultConfigurationName = Release;
		};
/* End XCConfigurationList section */
	};
	rootObject = D1676E6E2A7F9964005B47CC /* Project object */;
}
